
Microsoft Visual Studio Solution File, Format Version 12.00
# Visual Studio Version 16
VisualStudioVersion = 16.0.29509.3
MinimumVisualStudioVersion = 10.0.40219.1
Project("{FAE04EC0-301F-11D3-BF4B-00C04F79EFBC}") = "Email Registration Service", "Email Registration Service\Email Registration Service.csproj", "{BB3CE639-1B12-447C-A748-0F71F4C65A64}"
EndProject
Project("{FAE04EC0-301F-11D3-BF4B-00C04F79EFBC}") = "ERS Client Console", "ERS Client Console\ERS Client Console.csproj", "{6B266512-62AC-4C8A-984F-75467B68D7D6}"
	ProjectSection(ProjectDependencies) = postProject
		{BB3CE639-1B12-447C-A748-0F71F4C65A64} = {BB3CE639-1B12-447C-A748-0F71F4C65A64}
	EndProjectSection
EndProject
Global
	GlobalSection(SolutionConfigurationPlatforms) = preSolution
		Debug|Any CPU = Debug|Any CPU
		Release|Any CPU = Release|Any CPU
	EndGlobalSection
	GlobalSection(ProjectConfigurationPlatforms) = postSolution
		{BB3CE639-1B12-447C-A748-0F71F4C65A64}.Debug|Any CPU.ActiveCfg = Debug|Any CPU
		{BB3CE639-1B12-447C-A748-0F71F4C65A64}.Debug|Any CPU.Build.0 = Debug|Any CPU
		{BB3CE639-1B12-447C-A748-0F71F4C65A64}.Release|Any CPU.ActiveCfg = Release|Any CPU
		{BB3CE639-1B12-447C-A748-0F71F4C65A64}.Release|Any CPU.Build.0 = Release|Any CPU
		{6B266512-62AC-4C8A-984F-75467B68D7D6}.Debug|Any CPU.ActiveCfg = Debug|Any CPU
		{6B266512-62AC-4C8A-984F-75467B68D7D6}.Debug|Any CPU.Build.0 = Debug|Any CPU
		{6B266512-62AC-4C8A-984F-75467B68D7D6}.Release|Any CPU.ActiveCfg = Release|Any CPU
		{6B266512-62AC-4C8A-984F-75467B68D7D6}.Release|Any CPU.Build.0 = Release|Any CPU
	EndGlobalSection
	GlobalSection(SolutionProperties) = preSolution
		HideSolutionNode = FALSE
	EndGlobalSection
	GlobalSection(ExtensibilityGlobals) = postSolution
		SolutionGuid = {B7152D10-C75A-401C-8F3B-1330DDB2EDA9}
	EndGlobalSection
EndGlobal
